// !$*UTF8*$!
{
	archiveVersion = 1;
	classes = {
	};
	objectVersion = 46;
	objects = {

/* Begin PBXBuildFile section */
		5E94E274163C4B2E0057BBE2 /* UIKit.framework in Frameworks */ = {isa = PBXBuildFile; fileRef = 5E94E273163C4B2E0057BBE2 /* UIKit.framework */; };
		5E94E276163C4B2E0057BBE2 /* Foundation.framework in Frameworks */ = {isa = PBXBuildFile; fileRef = 5E94E275163C4B2E0057BBE2 /* Foundation.framework */; };
		5E94E278163C4B2E0057BBE2 /* CoreGraphics.framework in Frameworks */ = {isa = PBXBuildFile; fileRef = 5E94E277163C4B2E0057BBE2 /* CoreGraphics.framework */; };
		5E94E27E163C4B2E0057BBE2 /* InfoPlist.strings in Resources */ = {isa = PBXBuildFile; fileRef = 5E94E27C163C4B2E0057BBE2 /* InfoPlist.strings */; };
		5E94E280163C4B2E0057BBE2 /* main.m in Sources */ = {isa = PBXBuildFile; fileRef = 5E94E27F163C4B2E0057BBE2 /* main.m */; };
		5E94E284163C4B2E0057BBE2 /* AppDelegate.m in Sources */ = {isa = PBXBuildFile; fileRef = 5E94E283163C4B2E0057BBE2 /* AppDelegate.m */; };
		5E94E287163C4B2E0057BBE2 /* ViewController.m in Sources */ = {isa = PBXBuildFile; fileRef = 5E94E286163C4B2E0057BBE2 /* ViewController.m */; };
		5E94E28A163C4B2E0057BBE2 /* ViewController.xib in Resources */ = {isa = PBXBuildFile; fileRef = 5E94E288163C4B2E0057BBE2 /* ViewController.xib */; };
		5E94E292163C4B2E0057BBE2 /* SenTestingKit.framework in Frameworks */ = {isa = PBXBuildFile; fileRef = 5E94E291163C4B2E0057BBE2 /* SenTestingKit.framework */; };
		5E94E293163C4B2E0057BBE2 /* UIKit.framework in Frameworks */ = {isa = PBXBuildFile; fileRef = 5E94E273163C4B2E0057BBE2 /* UIKit.framework */; };
		5E94E294163C4B2E0057BBE2 /* Foundation.framework in Frameworks */ = {isa = PBXBuildFile; fileRef = 5E94E275163C4B2E0057BBE2 /* Foundation.framework */; };
		5E94E29C163C4B2E0057BBE2 /* InfoPlist.strings in Resources */ = {isa = PBXBuildFile; fileRef = 5E94E29A163C4B2E0057BBE2 /* InfoPlist.strings */; };
		5E94E29F163C4B2E0057BBE2 /* RobotFightTests.m in Sources */ = {isa = PBXBuildFile; fileRef = 5E94E29E163C4B2E0057BBE2 /* RobotFightTests.m */; };
		5E94E2A9163C4BC30057BBE2 /* MapKit.framework in Frameworks */ = {isa = PBXBuildFile; fileRef = 5E94E2A8163C4BC30057BBE2 /* MapKit.framework */; };
		5E94E2AB163C4FAE0057BBE2 /* CoreLocation.framework in Frameworks */ = {isa = PBXBuildFile; fileRef = 5E94E2AA163C4FAE0057BBE2 /* CoreLocation.framework */; };
		5E94E2CE163C53FD0057BBE2 /* AsyncImageView.m in Sources */ = {isa = PBXBuildFile; fileRef = 5E94E2CD163C53FD0057BBE2 /* AsyncImageView.m */; };
		5E94E2D0163C58C90057BBE2 /* QuartzCore.framework in Frameworks */ = {isa = PBXBuildFile; fileRef = 5E94E2CF163C58C90057BBE2 /* QuartzCore.framework */; };
		5E94E2D3163C6A800057BBE2 /* Weapon.m in Sources */ = {isa = PBXBuildFile; fileRef = 5E94E2D2163C6A800057BBE2 /* Weapon.m */; };
		5E94E2D9163C6CA70057BBE2 /* potato.png in Resources */ = {isa = PBXBuildFile; fileRef = 5E94E2D6163C6CA70057BBE2 /* potato.png */; };
		5E94E2DA163C6CA70057BBE2 /* grenade.png in Resources */ = {isa = PBXBuildFile; fileRef = 5E94E2D7163C6CA70057BBE2 /* grenade.png */; };
		5E94E2DB163C6CA70057BBE2 /* rock.png in Resources */ = {isa = PBXBuildFile; fileRef = 5E94E2D8163C6CA70057BBE2 /* rock.png */; };
		5E94E2DD163C6CCA0057BBE2 /* WeaponList.plist in Resources */ = {isa = PBXBuildFile; fileRef = 5E94E2DC163C6CCA0057BBE2 /* WeaponList.plist */; };
/* End PBXBuildFile section */

/* Begin PBXContainerItemProxy section */
		5E94E295163C4B2E0057BBE2 /* PBXContainerItemProxy */ = {
			isa = PBXContainerItemProxy;
			containerPortal = 5E94E266163C4B2E0057BBE2 /* Project object */;
			proxyType = 1;
			remoteGlobalIDString = 5E94E26E163C4B2E0057BBE2;
			remoteInfo = RobotFight;
		};
/* End PBXContainerItemProxy section */

/* Begin PBXFileReference section */
		5E94E26F163C4B2E0057BBE2 /* RobotFight.app */ = {isa = PBXFileReference; explicitFileType = wrapper.application; includeInIndex = 0; path = RobotFight.app; sourceTree = BUILT_PRODUCTS_DIR; };
		5E94E273163C4B2E0057BBE2 /* UIKit.framework */ = {isa = PBXFileReference; lastKnownFileType = wrapper.framework; name = UIKit.framework; path = System/Library/Frameworks/UIKit.framework; sourceTree = SDKROOT; };
		5E94E275163C4B2E0057BBE2 /* Foundation.framework */ = {isa = PBXFileReference; lastKnownFileType = wrapper.framework; name = Foundation.framework; path = System/Library/Frameworks/Foundation.framework; sourceTree = SDKROOT; };
		5E94E277163C4B2E0057BBE2 /* CoreGraphics.framework */ = {isa = PBXFileReference; lastKnownFileType = wrapper.framework; name = CoreGraphics.framework; path = System/Library/Frameworks/CoreGraphics.framework; sourceTree = SDKROOT; };
		5E94E27B163C4B2E0057BBE2 /* RobotFight-Info.plist */ = {isa = PBXFileReference; lastKnownFileType = text.plist.xml; path = "RobotFight-Info.plist"; sourceTree = "<group>"; };
		5E94E27D163C4B2E0057BBE2 /* en */ = {isa = PBXFileReference; lastKnownFileType = text.plist.strings; name = en; path = en.lproj/InfoPlist.strings; sourceTree = "<group>"; };
		5E94E27F163C4B2E0057BBE2 /* main.m */ = {isa = PBXFileReference; lastKnownFileType = sourcecode.c.objc; path = main.m; sourceTree = "<group>"; };
		5E94E281163C4B2E0057BBE2 /* RobotFight-Prefix.pch */ = {isa = PBXFileReference; lastKnownFileType = sourcecode.c.h; path = "RobotFight-Prefix.pch"; sourceTree = "<group>"; };
		5E94E282163C4B2E0057BBE2 /* AppDelegate.h */ = {isa = PBXFileReference; lastKnownFileType = sourcecode.c.h; path = AppDelegate.h; sourceTree = "<group>"; };
		5E94E283163C4B2E0057BBE2 /* AppDelegate.m */ = {isa = PBXFileReference; lastKnownFileType = sourcecode.c.objc; path = AppDelegate.m; sourceTree = "<group>"; };
		5E94E285163C4B2E0057BBE2 /* ViewController.h */ = {isa = PBXFileReference; lastKnownFileType = sourcecode.c.h; path = ViewController.h; sourceTree = "<group>"; };
		5E94E286163C4B2E0057BBE2 /* ViewController.m */ = {isa = PBXFileReference; lastKnownFileType = sourcecode.c.objc; path = ViewController.m; sourceTree = "<group>"; };
		5E94E289163C4B2E0057BBE2 /* en */ = {isa = PBXFileReference; lastKnownFileType = file.xib; name = en; path = en.lproj/ViewController.xib; sourceTree = "<group>"; };
		5E94E290163C4B2E0057BBE2 /* RobotFightTests.octest */ = {isa = PBXFileReference; explicitFileType = wrapper.cfbundle; includeInIndex = 0; path = RobotFightTests.octest; sourceTree = BUILT_PRODUCTS_DIR; };
		5E94E291163C4B2E0057BBE2 /* SenTestingKit.framework */ = {isa = PBXFileReference; lastKnownFileType = wrapper.framework; name = SenTestingKit.framework; path = Library/Frameworks/SenTestingKit.framework; sourceTree = DEVELOPER_DIR; };
		5E94E299163C4B2E0057BBE2 /* RobotFightTests-Info.plist */ = {isa = PBXFileReference; lastKnownFileType = text.plist.xml; path = "RobotFightTests-Info.plist"; sourceTree = "<group>"; };
		5E94E29B163C4B2E0057BBE2 /* en */ = {isa = PBXFileReference; lastKnownFileType = text.plist.strings; name = en; path = en.lproj/InfoPlist.strings; sourceTree = "<group>"; };
		5E94E29D163C4B2E0057BBE2 /* RobotFightTests.h */ = {isa = PBXFileReference; lastKnownFileType = sourcecode.c.h; path = RobotFightTests.h; sourceTree = "<group>"; };
		5E94E29E163C4B2E0057BBE2 /* RobotFightTests.m */ = {isa = PBXFileReference; lastKnownFileType = sourcecode.c.objc; path = RobotFightTests.m; sourceTree = "<group>"; };
		5E94E2A8163C4BC30057BBE2 /* MapKit.framework */ = {isa = PBXFileReference; lastKnownFileType = wrapper.framework; name = MapKit.framework; path = System/Library/Frameworks/MapKit.framework; sourceTree = SDKROOT; };
		5E94E2AA163C4FAE0057BBE2 /* CoreLocation.framework */ = {isa = PBXFileReference; lastKnownFileType = wrapper.framework; name = CoreLocation.framework; path = System/Library/Frameworks/CoreLocation.framework; sourceTree = SDKROOT; };
		5E94E2B3163C52230057BBE2 /* Defines.h */ = {isa = PBXFileReference; lastKnownFileType = sourcecode.c.h; path = Defines.h; sourceTree = "<group>"; };
		5E94E2CC163C53FD0057BBE2 /* AsyncImageView.h */ = {isa = PBXFileReference; fileEncoding = 4; lastKnownFileType = sourcecode.c.h; path = AsyncImageView.h; sourceTree = "<group>"; };
		5E94E2CD163C53FD0057BBE2 /* AsyncImageView.m */ = {isa = PBXFileReference; fileEncoding = 4; lastKnownFileType = sourcecode.c.objc; path = AsyncImageView.m; sourceTree = "<group>"; };
		5E94E2CF163C58C90057BBE2 /* QuartzCore.framework */ = {isa = PBXFileReference; lastKnownFileType = wrapper.framework; name = QuartzCore.framework; path = System/Library/Frameworks/QuartzCore.framework; sourceTree = SDKROOT; };
		5E94E2D1163C6A800057BBE2 /* Weapon.h */ = {isa = PBXFileReference; fileEncoding = 4; lastKnownFileType = sourcecode.c.h; path = Weapon.h; sourceTree = "<group>"; };
		5E94E2D2163C6A800057BBE2 /* Weapon.m */ = {isa = PBXFileReference; fileEncoding = 4; lastKnownFileType = sourcecode.c.objc; path = Weapon.m; sourceTree = "<group>"; };
		5E94E2D6163C6CA70057BBE2 /* potato.png */ = {isa = PBXFileReference; lastKnownFileType = image.png; path = potato.png; sourceTree = "<group>"; };
		5E94E2D7163C6CA70057BBE2 /* grenade.png */ = {isa = PBXFileReference; lastKnownFileType = image.png; path = grenade.png; sourceTree = "<group>"; };
		5E94E2D8163C6CA70057BBE2 /* rock.png */ = {isa = PBXFileReference; lastKnownFileType = image.png; path = rock.png; sourceTree = "<group>"; };
		5E94E2DC163C6CCA0057BBE2 /* WeaponList.plist */ = {isa = PBXFileReference; fileEncoding = 4; lastKnownFileType = text.plist.xml; path = WeaponList.plist; sourceTree = "<group>"; };
/* End PBXFileReference section */

/* Begin PBXFrameworksBuildPhase section */
		5E94E26C163C4B2E0057BBE2 /* Frameworks */ = {
			isa = PBXFrameworksBuildPhase;
			buildActionMask = 2147483647;
			files = (
				5E94E2D0163C58C90057BBE2 /* QuartzCore.framework in Frameworks */,
				5E94E2AB163C4FAE0057BBE2 /* CoreLocation.framework in Frameworks */,
				5E94E2A9163C4BC30057BBE2 /* MapKit.framework in Frameworks */,
				5E94E274163C4B2E0057BBE2 /* UIKit.framework in Frameworks */,
				5E94E276163C4B2E0057BBE2 /* Foundation.framework in Frameworks */,
				5E94E278163C4B2E0057BBE2 /* CoreGraphics.framework in Frameworks */,
			);
			runOnlyForDeploymentPostprocessing = 0;
		};
		5E94E28C163C4B2E0057BBE2 /* Frameworks */ = {
			isa = PBXFrameworksBuildPhase;
			buildActionMask = 2147483647;
			files = (
				5E94E292163C4B2E0057BBE2 /* SenTestingKit.framework in Frameworks */,
				5E94E293163C4B2E0057BBE2 /* UIKit.framework in Frameworks */,
				5E94E294163C4B2E0057BBE2 /* Foundation.framework in Frameworks */,
			);
			runOnlyForDeploymentPostprocessing = 0;
		};
/* End PBXFrameworksBuildPhase section */

/* Begin PBXGroup section */
		5E94E264163C4B2E0057BBE2 = {
			isa = PBXGroup;
			children = (
				5E94E279163C4B2E0057BBE2 /* RobotFight */,
				5E94E297163C4B2E0057BBE2 /* RobotFightTests */,
				5E94E272163C4B2E0057BBE2 /* Frameworks */,
				5E94E270163C4B2E0057BBE2 /* Products */,
			);
			sourceTree = "<group>";
		};
		5E94E270163C4B2E0057BBE2 /* Products */ = {
			isa = PBXGroup;
			children = (
				5E94E26F163C4B2E0057BBE2 /* RobotFight.app */,
				5E94E290163C4B2E0057BBE2 /* RobotFightTests.octest */,
			);
			name = Products;
			sourceTree = "<group>";
		};
		5E94E272163C4B2E0057BBE2 /* Frameworks */ = {
			isa = PBXGroup;
			children = (
				5E94E2CF163C58C90057BBE2 /* QuartzCore.framework */,
				5E94E2AA163C4FAE0057BBE2 /* CoreLocation.framework */,
				5E94E2A8163C4BC30057BBE2 /* MapKit.framework */,
				5E94E273163C4B2E0057BBE2 /* UIKit.framework */,
				5E94E275163C4B2E0057BBE2 /* Foundation.framework */,
				5E94E277163C4B2E0057BBE2 /* CoreGraphics.framework */,
				5E94E291163C4B2E0057BBE2 /* SenTestingKit.framework */,
			);
			name = Frameworks;
			sourceTree = "<group>";
		};
		5E94E279163C4B2E0057BBE2 /* RobotFight */ = {
			isa = PBXGroup;
			children = (
				5E94E2B3163C52230057BBE2 /* Defines.h */,
				5E94E282163C4B2E0057BBE2 /* AppDelegate.h */,
				5E94E283163C4B2E0057BBE2 /* AppDelegate.m */,
				5E94E2D1163C6A800057BBE2 /* Weapon.h */,
				5E94E2D2163C6A800057BBE2 /* Weapon.m */,
				5E94E285163C4B2E0057BBE2 /* ViewController.h */,
				5E94E286163C4B2E0057BBE2 /* ViewController.m */,
				5E94E288163C4B2E0057BBE2 /* ViewController.xib */,
				5E94E2D4163C6CA70057BBE2 /* Resources */,
				5E94E2AC163C51F50057BBE2 /* AsyncImage */,
				5E94E27A163C4B2E0057BBE2 /* Supporting Files */,
			);
			path = RobotFight;
			sourceTree = "<group>";
		};
		5E94E27A163C4B2E0057BBE2 /* Supporting Files */ = {
			isa = PBXGroup;
			children = (
				5E94E27B163C4B2E0057BBE2 /* RobotFight-Info.plist */,
				5E94E27C163C4B2E0057BBE2 /* InfoPlist.strings */,
				5E94E27F163C4B2E0057BBE2 /* main.m */,
				5E94E281163C4B2E0057BBE2 /* RobotFight-Prefix.pch */,
			);
			name = "Supporting Files";
			sourceTree = "<group>";
		};
		5E94E297163C4B2E0057BBE2 /* RobotFightTests */ = {
			isa = PBXGroup;
			children = (
				5E94E29D163C4B2E0057BBE2 /* RobotFightTests.h */,
				5E94E29E163C4B2E0057BBE2 /* RobotFightTests.m */,
				5E94E298163C4B2E0057BBE2 /* Supporting Files */,
			);
			path = RobotFightTests;
			sourceTree = "<group>";
		};
		5E94E298163C4B2E0057BBE2 /* Supporting Files */ = {
			isa = PBXGroup;
			children = (
				5E94E299163C4B2E0057BBE2 /* RobotFightTests-Info.plist */,
				5E94E29A163C4B2E0057BBE2 /* InfoPlist.strings */,
			);
			name = "Supporting Files";
			sourceTree = "<group>";
		};
		5E94E2AC163C51F50057BBE2 /* AsyncImage */ = {
			isa = PBXGroup;
			children = (
				5E94E2CC163C53FD0057BBE2 /* AsyncImageView.h */,
				5E94E2CD163C53FD0057BBE2 /* AsyncImageView.m */,
			);
			path = AsyncImage;
			sourceTree = "<group>";
		};
		5E94E2D4163C6CA70057BBE2 /* Resources */ = {
			isa = PBXGroup;
			children = (
				5E94E2D5163C6CA70057BBE2 /* Weapons */,
			);
			path = Resources;
			sourceTree = "<group>";
		};
		5E94E2D5163C6CA70057BBE2 /* Weapons */ = {
			isa = PBXGroup;
			children = (
				5E94E2D6163C6CA70057BBE2 /* potato.png */,
				5E94E2D7163C6CA70057BBE2 /* grenade.png */,
				5E94E2D8163C6CA70057BBE2 /* rock.png */,
				5E94E2DC163C6CCA0057BBE2 /* WeaponList.plist */,
			);
			path = Weapons;
			sourceTree = "<group>";
		};
/* End PBXGroup section */

/* Begin PBXNativeTarget section */
		5E94E26E163C4B2E0057BBE2 /* RobotFight */ = {
			isa = PBXNativeTarget;
			buildConfigurationList = 5E94E2A2163C4B2E0057BBE2 /* Build configuration list for PBXNativeTarget "RobotFight" */;
			buildPhases = (
				5E94E26B163C4B2E0057BBE2 /* Sources */,
				5E94E26C163C4B2E0057BBE2 /* Frameworks */,
				5E94E26D163C4B2E0057BBE2 /* Resources */,
			);
			buildRules = (
			);
			dependencies = (
			);
			name = RobotFight;
			productName = RobotFight;
			productReference = 5E94E26F163C4B2E0057BBE2 /* RobotFight.app */;
			productType = "com.apple.product-type.application";
		};
		5E94E28F163C4B2E0057BBE2 /* RobotFightTests */ = {
			isa = PBXNativeTarget;
			buildConfigurationList = 5E94E2A5163C4B2E0057BBE2 /* Build configuration list for PBXNativeTarget "RobotFightTests" */;
			buildPhases = (
				5E94E28B163C4B2E0057BBE2 /* Sources */,
				5E94E28C163C4B2E0057BBE2 /* Frameworks */,
				5E94E28D163C4B2E0057BBE2 /* Resources */,
				5E94E28E163C4B2E0057BBE2 /* ShellScript */,
			);
			buildRules = (
			);
			dependencies = (
				5E94E296163C4B2E0057BBE2 /* PBXTargetDependency */,
			);
			name = RobotFightTests;
			productName = RobotFightTests;
			productReference = 5E94E290163C4B2E0057BBE2 /* RobotFightTests.octest */;
			productType = "com.apple.product-type.bundle";
		};
/* End PBXNativeTarget section */

/* Begin PBXProject section */
		5E94E266163C4B2E0057BBE2 /* Project object */ = {
			isa = PBXProject;
			attributes = {
				LastUpgradeCheck = 0430;
			};
			buildConfigurationList = 5E94E269163C4B2E0057BBE2 /* Build configuration list for PBXProject "RobotFight" */;
			compatibilityVersion = "Xcode 3.2";
			developmentRegion = English;
			hasScannedForEncodings = 0;
			knownRegions = (
				en,
			);
			mainGroup = 5E94E264163C4B2E0057BBE2;
			productRefGroup = 5E94E270163C4B2E0057BBE2 /* Products */;
			projectDirPath = "";
			projectRoot = "";
			targets = (
				5E94E26E163C4B2E0057BBE2 /* RobotFight */,
				5E94E28F163C4B2E0057BBE2 /* RobotFightTests */,
			);
		};
/* End PBXProject section */

/* Begin PBXResourcesBuildPhase section */
		5E94E26D163C4B2E0057BBE2 /* Resources */ = {
			isa = PBXResourcesBuildPhase;
			buildActionMask = 2147483647;
			files = (
				5E94E27E163C4B2E0057BBE2 /* InfoPlist.strings in Resources */,
				5E94E28A163C4B2E0057BBE2 /* ViewController.xib in Resources */,
				5E94E2D9163C6CA70057BBE2 /* potato.png in Resources */,
				5E94E2DA163C6CA70057BBE2 /* grenade.png in Resources */,
				5E94E2DB163C6CA70057BBE2 /* rock.png in Resources */,
				5E94E2DD163C6CCA0057BBE2 /* WeaponList.plist in Resources */,
			);
			runOnlyForDeploymentPostprocessing = 0;
		};
		5E94E28D163C4B2E0057BBE2 /* Resources */ = {
			isa = PBXResourcesBuildPhase;
			buildActionMask = 2147483647;
			files = (
				5E94E29C163C4B2E0057BBE2 /* InfoPlist.strings in Resources */,
			);
			runOnlyForDeploymentPostprocessing = 0;
		};
/* End PBXResourcesBuildPhase section */

/* Begin PBXShellScriptBuildPhase section */
		5E94E28E163C4B2E0057BBE2 /* ShellScript */ = {
			isa = PBXShellScriptBuildPhase;
			buildActionMask = 2147483647;
			files = (
			);
			inputPaths = (
			);
			outputPaths = (
			);
			runOnlyForDeploymentPostprocessing = 0;
			shellPath = /bin/sh;
			shellScript = "# Run the unit tests in this test bundle.\n\"${SYSTEM_DEVELOPER_DIR}/Tools/RunUnitTests\"\n";
		};
/* End PBXShellScriptBuildPhase section */

/* Begin PBXSourcesBuildPhase section */
		5E94E26B163C4B2E0057BBE2 /* Sources */ = {
			isa = PBXSourcesBuildPhase;
			buildActionMask = 2147483647;
			files = (
				5E94E280163C4B2E0057BBE2 /* main.m in Sources */,
				5E94E284163C4B2E0057BBE2 /* AppDelegate.m in Sources */,
				5E94E287163C4B2E0057BBE2 /* ViewController.m in Sources */,
				5E94E2CE163C53FD0057BBE2 /* AsyncImageView.m in Sources */,
				5E94E2D3163C6A800057BBE2 /* Weapon.m in Sources */,
			);
			runOnlyForDeploymentPostprocessing = 0;
		};
		5E94E28B163C4B2E0057BBE2 /* Sources */ = {
			isa = PBXSourcesBuildPhase;
			buildActionMask = 2147483647;
			files = (
				5E94E29F163C4B2E0057BBE2 /* RobotFightTests.m in Sources */,
			);
			runOnlyForDeploymentPostprocessing = 0;
		};
/* End PBXSourcesBuildPhase section */

/* Begin PBXTargetDependency section */
		5E94E296163C4B2E0057BBE2 /* PBXTargetDependency */ = {
			isa = PBXTargetDependency;
			target = 5E94E26E163C4B2E0057BBE2 /* RobotFight */;
			targetProxy = 5E94E295163C4B2E0057BBE2 /* PBXContainerItemProxy */;
		};
/* End PBXTargetDependency section */

/* Begin PBXVariantGroup section */
		5E94E27C163C4B2E0057BBE2 /* InfoPlist.strings */ = {
			isa = PBXVariantGroup;
			children = (
				5E94E27D163C4B2E0057BBE2 /* en */,
			);
			name = InfoPlist.strings;
			sourceTree = "<group>";
		};
		5E94E288163C4B2E0057BBE2 /* ViewController.xib */ = {
			isa = PBXVariantGroup;
			children = (
				5E94E289163C4B2E0057BBE2 /* en */,
			);
			name = ViewController.xib;
			sourceTree = "<group>";
		};
		5E94E29A163C4B2E0057BBE2 /* InfoPlist.strings */ = {
			isa = PBXVariantGroup;
			children = (
				5E94E29B163C4B2E0057BBE2 /* en */,
			);
			name = InfoPlist.strings;
			sourceTree = "<group>";
		};
/* End PBXVariantGroup section */

/* Begin XCBuildConfiguration section */
		5E94E2A0163C4B2E0057BBE2 /* Debug */ = {
			isa = XCBuildConfiguration;
			buildSettings = {
				ALWAYS_SEARCH_USER_PATHS = NO;
				ARCHS = "$(ARCHS_STANDARD_32_BIT)";
				"CODE_SIGN_IDENTITY[sdk=iphoneos*]" = "iPhone Developer";
				COPY_PHASE_STRIP = NO;
				GCC_C_LANGUAGE_STANDARD = gnu99;
				GCC_DYNAMIC_NO_PIC = NO;
				GCC_OPTIMIZATION_LEVEL = 0;
				GCC_PREPROCESSOR_DEFINITIONS = (
					"DEBUG=1",
					"$(inherited)",
				);
				GCC_SYMBOLS_PRIVATE_EXTERN = NO;
				GCC_VERSION = com.apple.compilers.llvm.clang.1_0;
				GCC_WARN_ABOUT_RETURN_TYPE = YES;
				GCC_WARN_UNINITIALIZED_AUTOS = YES;
				GCC_WARN_UNUSED_VARIABLE = YES;
				IPHONEOS_DEPLOYMENT_TARGET = 5.1;
				SDKROOT = iphoneos;
			};
			name = Debug;
		};
		5E94E2A1163C4B2E0057BBE2 /* Release */ = {
			isa = XCBuildConfiguration;
			buildSettings = {
				ALWAYS_SEARCH_USER_PATHS = NO;
				ARCHS = "$(ARCHS_STANDARD_32_BIT)";
				"CODE_SIGN_IDENTITY[sdk=iphoneos*]" = "iPhone Developer";
				COPY_PHASE_STRIP = YES;
				GCC_C_LANGUAGE_STANDARD = gnu99;
				GCC_VERSION = com.apple.compilers.llvm.clang.1_0;
				GCC_WARN_ABOUT_RETURN_TYPE = YES;
				GCC_WARN_UNINITIALIZED_AUTOS = YES;
				GCC_WARN_UNUSED_VARIABLE = YES;
				IPHONEOS_DEPLOYMENT_TARGET = 5.1;
				OTHER_CFLAGS = "-DNS_BLOCK_ASSERTIONS=1";
				SDKROOT = iphoneos;
				VALIDATE_PRODUCT = YES;
			};
			name = Release;
		};
		5E94E2A3163C4B2E0057BBE2 /* Debug */ = {
			isa = XCBuildConfiguration;
			buildSettings = {
				GCC_PRECOMPILE_PREFIX_HEADER = YES;
				GCC_PREFIX_HEADER = "RobotFight/RobotFight-Prefix.pch";
				INFOPLIST_FILE = "RobotFight/RobotFight-Info.plist";
				PRODUCT_NAME = "$(TARGET_NAME)";
				WRAPPER_EXTENSION = app;
			};
			name = Debug;
		};
		5E94E2A4163C4B2E0057BBE2 /* Release */ = {
			isa = XCBuildConfiguration;
			buildSettings = {
				GCC_PRECOMPILE_PREFIX_HEADER = YES;
				GCC_PREFIX_HEADER = "RobotFight/RobotFight-Prefix.pch";
				INFOPLIST_FILE = "RobotFight/RobotFight-Info.plist";
				PRODUCT_NAME = "$(TARGET_NAME)";
				WRAPPER_EXTENSION = app;
			};
			name = Release;
		};
		5E94E2A6163C4B2E0057BBE2 /* Debug */ = {
			isa = XCBuildConfiguration;
			buildSettings = {
				BUNDLE_LOADER = "$(BUILT_PRODUCTS_DIR)/RobotFight.app/RobotFight";
				FRAMEWORK_SEARCH_PATHS = (
					"$(SDKROOT)/Developer/Library/Frameworks",
					"$(DEVELOPER_LIBRARY_DIR)/Frameworks",
				);
				GCC_PRECOMPILE_PREFIX_HEADER = YES;
				GCC_PREFIX_HEADER = "RobotFight/RobotFight-Prefix.pch";
				INFOPLIST_FILE = "RobotFightTests/RobotFightTests-Info.plist";
				PRODUCT_NAME = "$(TARGET_NAME)";
				TEST_HOST = "$(BUNDLE_LOADER)";
				WRAPPER_EXTENSION = octest;
			};
			name = Debug;
		};
		5E94E2A7163C4B2E0057BBE2 /* Release */ = {
			isa = XCBuildConfiguration;
			buildSettings = {
				BUNDLE_LOADER = "$(BUILT_PRODUCTS_DIR)/RobotFight.app/RobotFight";
				FRAMEWORK_SEARCH_PATHS = (
					"$(SDKROOT)/Developer/Library/Frameworks",
					"$(DEVELOPER_LIBRARY_DIR)/Frameworks",
				);
				GCC_PRECOMPILE_PREFIX_HEADER = YES;
				GCC_PREFIX_HEADER = "RobotFight/RobotFight-Prefix.pch";
				INFOPLIST_FILE = "RobotFightTests/RobotFightTests-Info.plist";
				PRODUCT_NAME = "$(TARGET_NAME)";
				TEST_HOST = "$(BUNDLE_LOADER)";
				WRAPPER_EXTENSION = octest;
			};
			name = Release;
		};
/* End XCBuildConfiguration section */

/* Begin XCConfigurationList section */
		5E94E269163C4B2E0057BBE2 /* Build configuration list for PBXProject "RobotFight" */ = {
			isa = XCConfigurationList;
			buildConfigurations = (
				5E94E2A0163C4B2E0057BBE2 /* Debug */,
				5E94E2A1163C4B2E0057BBE2 /* Release */,
			);
			defaultConfigurationIsVisible = 0;
			defaultConfigurationName = Release;
		};
		5E94E2A2163C4B2E0057BBE2 /* Build configuration list for PBXNativeTarget "RobotFight" */ = {
			isa = XCConfigurationList;
			buildConfigurations = (
				5E94E2A3163C4B2E0057BBE2 /* Debug */,
				5E94E2A4163C4B2E0057BBE2 /* Release */,
			);
			defaultConfigurationIsVisible = 0;
		};
		5E94E2A5163C4B2E0057BBE2 /* Build configuration list for PBXNativeTarget "RobotFightTests" */ = {
			isa = XCConfigurationList;
			buildConfigurations = (
				5E94E2A6163C4B2E0057BBE2 /* Debug */,
				5E94E2A7163C4B2E0057BBE2 /* Release */,
			);
			defaultConfigurationIsVisible = 0;
		};
/* End XCConfigurationList section */
	};
	rootObject = 5E94E266163C4B2E0057BBE2 /* Project object */;
}
